{
  "projects": [
    {
      "projectId": "4aeQhkQm1LdEpZ2yiwXbko",
      "version": "latest",
      "dependencies": {},
      "lang": "ts",
      "fileLocks": [
        {
          "type": "renderModule",
          "assetId": "DJsk8KoBItoK",
          "checksum": "70d781ff874fc7acf9e4b0b009876bb9"
        },
        {
          "type": "cssRules",
          "assetId": "DJsk8KoBItoK",
          "checksum": "70d781ff874fc7acf9e4b0b009876bb9"
        },
        {
          "type": "renderModule",
          "assetId": "ruwS-vm4_Bz5",
          "checksum": "097a270e56a16fcca5cdb5b9cd36164f"
        },
        {
          "type": "cssRules",
          "assetId": "ruwS-vm4_Bz5",
          "checksum": "097a270e56a16fcca5cdb5b9cd36164f"
        },
        {
          "assetId": "4aeQhkQm1LdEpZ2yiwXbko",
          "type": "projectCss",
          "checksum": "966ca95492a6f6e88f27c4bd38257e00"
        }
      ],
      "codegenVersion": "0.0.1"
    }
  ],
  "cliVersion": "0.0.11"
}
